// !$*UTF8*$!
{
	archiveVersion = 1;
	classes = {
	};
	objectVersion = 56;
	objects = {

/* Begin PBXBuildFile section */
		451611D02B54FF41006E6EA0 /* DiaryApp.swift in Sources */ = {isa = PBXBuildFile; fileRef = 451611CF2B54FF41006E6EA0 /* DiaryApp.swift */; };
		451611D42B54FF42006E6EA0 /* Assets.xcassets in Resources */ = {isa = PBXBuildFile; fileRef = 451611D32B54FF42006E6EA0 /* Assets.xcassets */; };
		451611D72B54FF42006E6EA0 /* Preview Assets.xcassets in Resources */ = {isa = PBXBuildFile; fileRef = 451611D62B54FF42006E6EA0 /* Preview Assets.xcassets */; };
		451611E42B5504F9006E6EA0 /* DiaryRowView.swift in Sources */ = {isa = PBXBuildFile; fileRef = 451611E32B5504F9006E6EA0 /* DiaryRowView.swift */; };
		451611E62B550545006E6EA0 /* DiaryListView.swift in Sources */ = {isa = PBXBuildFile; fileRef = 451611E52B550545006E6EA0 /* DiaryListView.swift */; };
		451611E82B550C1D006E6EA0 /* Diary.swift in Sources */ = {isa = PBXBuildFile; fileRef = 451611E72B550C1D006E6EA0 /* Diary.swift */; };
		451611EE2B551824006E6EA0 /* DateFormatter+.swift in Sources */ = {isa = PBXBuildFile; fileRef = 451611ED2B551823006E6EA0 /* DateFormatter+.swift */; };
		451611F02B551C0F006E6EA0 /* DiaryDetailView.swift in Sources */ = {isa = PBXBuildFile; fileRef = 451611EF2B551C0F006E6EA0 /* DiaryDetailView.swift */; };
		45400B382B639CBC00F5B6FC /* WeatherResponse.swift in Sources */ = {isa = PBXBuildFile; fileRef = 45400B372B639CBC00F5B6FC /* WeatherResponse.swift */; };
		45400B3A2B639D1000F5B6FC /* WeatherService.swift in Sources */ = {isa = PBXBuildFile; fileRef = 45400B392B639D1000F5B6FC /* WeatherService.swift */; };
		45400B3D2B639D6D00F5B6FC /* CurrentWeatherEndPoint.swift in Sources */ = {isa = PBXBuildFile; fileRef = 45400B3C2B639D6D00F5B6FC /* CurrentWeatherEndPoint.swift */; };
		45400B3F2B639D9000F5B6FC /* API_KEY.xcconfig in Resources */ = {isa = PBXBuildFile; fileRef = 45400B3E2B639D9000F5B6FC /* API_KEY.xcconfig */; };
		45400B492B63AA2000F5B6FC /* LocationService.swift in Sources */ = {isa = PBXBuildFile; fileRef = 45400B482B63AA2000F5B6FC /* LocationService.swift */; };
		45400B4B2B63AA3900F5B6FC /* LocationServiceError.swift in Sources */ = {isa = PBXBuildFile; fileRef = 45400B4A2B63AA3900F5B6FC /* LocationServiceError.swift */; };
		45400B4D2B63AAA800F5B6FC /* WeatherNetworkService.swift in Sources */ = {isa = PBXBuildFile; fileRef = 45400B4C2B63AAA800F5B6FC /* WeatherNetworkService.swift */; };
		45400B4F2B63AB0900F5B6FC /* LocationManagerService.swift in Sources */ = {isa = PBXBuildFile; fileRef = 45400B4E2B63AB0900F5B6FC /* LocationManagerService.swift */; };
		456D7B5B2B624F26000C3775 /* SwiftErickNetwork in Frameworks */ = {isa = PBXBuildFile; productRef = 456D7B5A2B624F26000C3775 /* SwiftErickNetwork */; };
		45837DFA2B64EF100032CCD0 /* WeatherIconEndPoint.swift in Sources */ = {isa = PBXBuildFile; fileRef = 45837DF92B64EF100032CCD0 /* WeatherIconEndPoint.swift */; };
		458504882B5A8D560071F36A /* DiaryListViewModel.swift in Sources */ = {isa = PBXBuildFile; fileRef = 458504872B5A8D560071F36A /* DiaryListViewModel.swift */; };
		45C1C3B12B5E7D4600F50E50 /* DIContainer.swift in Sources */ = {isa = PBXBuildFile; fileRef = 45C1C3B02B5E7D4600F50E50 /* DIContainer.swift */; };
		45C1C3B42B5E8DD500F50E50 /* DiaryDetailViewModel.swift in Sources */ = {isa = PBXBuildFile; fileRef = 45C1C3B32B5E8DD500F50E50 /* DiaryDetailViewModel.swift */; };
		45C8A9C12B56668900BB3C62 /* DiaryRepository.swift in Sources */ = {isa = PBXBuildFile; fileRef = 45C8A9C02B56668900BB3C62 /* DiaryRepository.swift */; };
		45C8A9C32B5666E000BB3C62 /* DiaryUseCase.swift in Sources */ = {isa = PBXBuildFile; fileRef = 45C8A9C22B5666E000BB3C62 /* DiaryUseCase.swift */; };
		45C8A9C72B59088C00BB3C62 /* Diary.xcdatamodeld in Sources */ = {isa = PBXBuildFile; fileRef = 45C8A9C52B59088C00BB3C62 /* Diary.xcdatamodeld */; };
		45C8A9CA2B59092F00BB3C62 /* DiaryDTO.swift in Sources */ = {isa = PBXBuildFile; fileRef = 45C8A9C82B59092F00BB3C62 /* DiaryDTO.swift */; };
		45C8A9D22B59188900BB3C62 /* DiaryCoreDataRepository.swift in Sources */ = {isa = PBXBuildFile; fileRef = 45C8A9D12B59188900BB3C62 /* DiaryCoreDataRepository.swift */; };
		45C8A9F32B592CEA00BB3C62 /* PersistenceController.swift in Sources */ = {isa = PBXBuildFile; fileRef = 45C8A9F22B592CEA00BB3C62 /* PersistenceController.swift */; };
		45C8A9F72B593C5200BB3C62 /* DiaryRepositoryError.swift in Sources */ = {isa = PBXBuildFile; fileRef = 45C8A9F62B593C5200BB3C62 /* DiaryRepositoryError.swift */; };
/* End PBXBuildFile section */

/* Begin PBXFileReference section */
		451611CC2B54FF41006E6EA0 /* Diary.app */ = {isa = PBXFileReference; explicitFileType = wrapper.application; includeInIndex = 0; path = Diary.app; sourceTree = BUILT_PRODUCTS_DIR; };
		451611CF2B54FF41006E6EA0 /* DiaryApp.swift */ = {isa = PBXFileReference; lastKnownFileType = sourcecode.swift; path = DiaryApp.swift; sourceTree = "<group>"; };
		451611D32B54FF42006E6EA0 /* Assets.xcassets */ = {isa = PBXFileReference; lastKnownFileType = folder.assetcatalog; path = Assets.xcassets; sourceTree = "<group>"; };
		451611D62B54FF42006E6EA0 /* Preview Assets.xcassets */ = {isa = PBXFileReference; lastKnownFileType = folder.assetcatalog; path = "Preview Assets.xcassets"; sourceTree = "<group>"; };
		451611E32B5504F9006E6EA0 /* DiaryRowView.swift */ = {isa = PBXFileReference; lastKnownFileType = sourcecode.swift; path = DiaryRowView.swift; sourceTree = "<group>"; };
		451611E52B550545006E6EA0 /* DiaryListView.swift */ = {isa = PBXFileReference; lastKnownFileType = sourcecode.swift; path = DiaryListView.swift; sourceTree = "<group>"; };
		451611E72B550C1D006E6EA0 /* Diary.swift */ = {isa = PBXFileReference; lastKnownFileType = sourcecode.swift; path = Diary.swift; sourceTree = "<group>"; };
		451611ED2B551823006E6EA0 /* DateFormatter+.swift */ = {isa = PBXFileReference; lastKnownFileType = sourcecode.swift; path = "DateFormatter+.swift"; sourceTree = "<group>"; };
		451611EF2B551C0F006E6EA0 /* DiaryDetailView.swift */ = {isa = PBXFileReference; lastKnownFileType = sourcecode.swift; path = DiaryDetailView.swift; sourceTree = "<group>"; };
		45400B372B639CBC00F5B6FC /* WeatherResponse.swift */ = {isa = PBXFileReference; lastKnownFileType = sourcecode.swift; path = WeatherResponse.swift; sourceTree = "<group>"; };
		45400B392B639D1000F5B6FC /* WeatherService.swift */ = {isa = PBXFileReference; lastKnownFileType = sourcecode.swift; path = WeatherService.swift; sourceTree = "<group>"; };
		45400B3C2B639D6D00F5B6FC /* CurrentWeatherEndPoint.swift */ = {isa = PBXFileReference; lastKnownFileType = sourcecode.swift; path = CurrentWeatherEndPoint.swift; sourceTree = "<group>"; };
		45400B3E2B639D9000F5B6FC /* API_KEY.xcconfig */ = {isa = PBXFileReference; fileEncoding = 4; lastKnownFileType = text.xcconfig; path = API_KEY.xcconfig; sourceTree = "<group>"; };
		45400B482B63AA2000F5B6FC /* LocationService.swift */ = {isa = PBXFileReference; lastKnownFileType = sourcecode.swift; path = LocationService.swift; sourceTree = "<group>"; };
		45400B4A2B63AA3900F5B6FC /* LocationServiceError.swift */ = {isa = PBXFileReference; lastKnownFileType = sourcecode.swift; path = LocationServiceError.swift; sourceTree = "<group>"; };
		45400B4C2B63AAA800F5B6FC /* WeatherNetworkService.swift */ = {isa = PBXFileReference; lastKnownFileType = sourcecode.swift; path = WeatherNetworkService.swift; sourceTree = "<group>"; };
		45400B4E2B63AB0900F5B6FC /* LocationManagerService.swift */ = {isa = PBXFileReference; lastKnownFileType = sourcecode.swift; path = LocationManagerService.swift; sourceTree = "<group>"; };
		45837DF82B64E1020032CCD0 /* Info.plist */ = {isa = PBXFileReference; lastKnownFileType = text.plist; path = Info.plist; sourceTree = "<group>"; };
		45837DF92B64EF100032CCD0 /* WeatherIconEndPoint.swift */ = {isa = PBXFileReference; lastKnownFileType = sourcecode.swift; path = WeatherIconEndPoint.swift; sourceTree = "<group>"; };
		458504872B5A8D560071F36A /* DiaryListViewModel.swift */ = {isa = PBXFileReference; lastKnownFileType = sourcecode.swift; path = DiaryListViewModel.swift; sourceTree = "<group>"; };
		45C1C3B02B5E7D4600F50E50 /* DIContainer.swift */ = {isa = PBXFileReference; lastKnownFileType = sourcecode.swift; path = DIContainer.swift; sourceTree = "<group>"; };
		45C1C3B32B5E8DD500F50E50 /* DiaryDetailViewModel.swift */ = {isa = PBXFileReference; fileEncoding = 4; lastKnownFileType = sourcecode.swift; path = DiaryDetailViewModel.swift; sourceTree = "<group>"; };
		45C8A9C02B56668900BB3C62 /* DiaryRepository.swift */ = {isa = PBXFileReference; lastKnownFileType = sourcecode.swift; path = DiaryRepository.swift; sourceTree = "<group>"; };
		45C8A9C22B5666E000BB3C62 /* DiaryUseCase.swift */ = {isa = PBXFileReference; lastKnownFileType = sourcecode.swift; path = DiaryUseCase.swift; sourceTree = "<group>"; };
		45C8A9C62B59088C00BB3C62 /* Diary.xcdatamodel */ = {isa = PBXFileReference; lastKnownFileType = wrapper.xcdatamodel; path = Diary.xcdatamodel; sourceTree = "<group>"; };
		45C8A9C82B59092F00BB3C62 /* DiaryDTO.swift */ = {isa = PBXFileReference; lastKnownFileType = sourcecode.swift; path = DiaryDTO.swift; sourceTree = "<group>"; };
		45C8A9D12B59188900BB3C62 /* DiaryCoreDataRepository.swift */ = {isa = PBXFileReference; lastKnownFileType = sourcecode.swift; path = DiaryCoreDataRepository.swift; sourceTree = "<group>"; };
		45C8A9F22B592CEA00BB3C62 /* PersistenceController.swift */ = {isa = PBXFileReference; lastKnownFileType = sourcecode.swift; path = PersistenceController.swift; sourceTree = "<group>"; };
		45C8A9F62B593C5200BB3C62 /* DiaryRepositoryError.swift */ = {isa = PBXFileReference; lastKnownFileType = sourcecode.swift; path = DiaryRepositoryError.swift; sourceTree = "<group>"; };
/* End PBXFileReference section */

/* Begin PBXFrameworksBuildPhase section */
		451611C92B54FF41006E6EA0 /* Frameworks */ = {
			isa = PBXFrameworksBuildPhase;
			buildActionMask = 2147483647;
			files = (
				456D7B5B2B624F26000C3775 /* SwiftErickNetwork in Frameworks */,
			);
			runOnlyForDeploymentPostprocessing = 0;
		};
/* End PBXFrameworksBuildPhase section */

/* Begin PBXGroup section */
		451611C32B54FF41006E6EA0 = {
			isa = PBXGroup;
			children = (
				451611CE2B54FF41006E6EA0 /* Diary */,
				451611CD2B54FF41006E6EA0 /* Products */,
			);
			indentWidth = 2;
			sourceTree = "<group>";
			tabWidth = 2;
		};
		451611CD2B54FF41006E6EA0 /* Products */ = {
			isa = PBXGroup;
			children = (
				451611CC2B54FF41006E6EA0 /* Diary.app */,
			);
			name = Products;
			sourceTree = "<group>";
		};
		451611CE2B54FF41006E6EA0 /* Diary */ = {
			isa = PBXGroup;
			children = (
				45837DF82B64E1020032CCD0 /* Info.plist */,
				451611DD2B5503E7006E6EA0 /* Application */,
				451611E02B550408006E6EA0 /* Domain */,
				451611DE2B5503F3006E6EA0 /* Presentation */,
				451611DF2B550402006E6EA0 /* Data */,
				45C8A9F52B593C2B00BB3C62 /* Error */,
				451611E92B55104D006E6EA0 /* Util */,
				45C8A9F42B5937F300BB3C62 /* Resource */,
				451611D52B54FF42006E6EA0 /* Preview Content */,
			);
			path = Diary;
			sourceTree = "<group>";
		};
		451611D52B54FF42006E6EA0 /* Preview Content */ = {
			isa = PBXGroup;
			children = (
				451611D62B54FF42006E6EA0 /* Preview Assets.xcassets */,
			);
			path = "Preview Content";
			sourceTree = "<group>";
		};
		451611DD2B5503E7006E6EA0 /* Application */ = {
			isa = PBXGroup;
			children = (
				451611CF2B54FF41006E6EA0 /* DiaryApp.swift */,
				45C1C3B02B5E7D4600F50E50 /* DIContainer.swift */,
			);
			path = Application;
			sourceTree = "<group>";
		};
		451611DE2B5503F3006E6EA0 /* Presentation */ = {
			isa = PBXGroup;
			children = (
				451611E12B550481006E6EA0 /* DiaryList */,
				451611E22B550488006E6EA0 /* DiaryDetail */,
			);
			path = Presentation;
			sourceTree = "<group>";
		};
		451611DF2B550402006E6EA0 /* Data */ = {
			isa = PBXGroup;
			children = (
				45C8A9CD2B5917AC00BB3C62 /* DTO */,
				45C8A9CE2B5917CC00BB3C62 /* Repository */,
				45400B362B639B0300F5B6FC /* CoreData */,
				45400B3B2B639D5000F5B6FC /* Network */,
			);
			path = Data;
			sourceTree = "<group>";
		};
		451611E02B550408006E6EA0 /* Domain */ = {
			isa = PBXGroup;
			children = (
				45C8A9C42B567BF300BB3C62 /* Entity */,
				45C8A9BF2B56666C00BB3C62 /* Repository */,
				45C8A9BE2B56665500BB3C62 /* UseCase */,
			);
			path = Domain;
			sourceTree = "<group>";
		};
		451611E12B550481006E6EA0 /* DiaryList */ = {
			isa = PBXGroup;
			children = (
				458504862B5A8D420071F36A /* ViewModel */,
				458504852B5A8D370071F36A /* View */,
			);
			path = DiaryList;
			sourceTree = "<group>";
		};
		451611E22B550488006E6EA0 /* DiaryDetail */ = {
			isa = PBXGroup;
			children = (
				45C1C3B22B5E8DD500F50E50 /* ViewModel */,
				45C1C3AD2B5E73A700F50E50 /* View */,
			);
			path = DiaryDetail;
			sourceTree = "<group>";
		};
		451611E92B55104D006E6EA0 /* Util */ = {
			isa = PBXGroup;
			children = (
				451611EA2B55105B006E6EA0 /* Extension */,
			);
			path = Util;
			sourceTree = "<group>";
		};
		451611EA2B55105B006E6EA0 /* Extension */ = {
			isa = PBXGroup;
			children = (
				451611ED2B551823006E6EA0 /* DateFormatter+.swift */,
			);
			path = Extension;
			sourceTree = "<group>";
		};
		45400B362B639B0300F5B6FC /* CoreData */ = {
			isa = PBXGroup;
			children = (
				45C8A9F22B592CEA00BB3C62 /* PersistenceController.swift */,
				45C8A9C52B59088C00BB3C62 /* Diary.xcdatamodeld */,
			);
			path = CoreData;
			sourceTree = "<group>";
		};
		45400B3B2B639D5000F5B6FC /* Network */ = {
			isa = PBXGroup;
			children = (
				45400B3C2B639D6D00F5B6FC /* CurrentWeatherEndPoint.swift */,
				45837DF92B64EF100032CCD0 /* WeatherIconEndPoint.swift */,
			);
			path = Network;
			sourceTree = "<group>";
		};
		458504852B5A8D370071F36A /* View */ = {
			isa = PBXGroup;
			children = (
				451611E52B550545006E6EA0 /* DiaryListView.swift */,
				451611E32B5504F9006E6EA0 /* DiaryRowView.swift */,
			);
			path = View;
			sourceTree = "<group>";
		};
		458504862B5A8D420071F36A /* ViewModel */ = {
			isa = PBXGroup;
			children = (
				458504872B5A8D560071F36A /* DiaryListViewModel.swift */,
			);
			path = ViewModel;
			sourceTree = "<group>";
		};
		45C1C3AD2B5E73A700F50E50 /* View */ = {
			isa = PBXGroup;
			children = (
				451611EF2B551C0F006E6EA0 /* DiaryDetailView.swift */,
			);
			path = View;
			sourceTree = "<group>";
		};
		45C1C3B22B5E8DD500F50E50 /* ViewModel */ = {
			isa = PBXGroup;
			children = (
				45C1C3B32B5E8DD500F50E50 /* DiaryDetailViewModel.swift */,
			);
			path = ViewModel;
			sourceTree = "<group>";
		};
		45C8A9BE2B56665500BB3C62 /* UseCase */ = {
			isa = PBXGroup;
			children = (
				45C8A9C22B5666E000BB3C62 /* DiaryUseCase.swift */,
			);
			path = UseCase;
			sourceTree = "<group>";
		};
		45C8A9BF2B56666C00BB3C62 /* Repository */ = {
			isa = PBXGroup;
			children = (
				45C8A9C02B56668900BB3C62 /* DiaryRepository.swift */,
				45400B392B639D1000F5B6FC /* WeatherService.swift */,
				45400B482B63AA2000F5B6FC /* LocationService.swift */,
			);
			path = Repository;
			sourceTree = "<group>";
		};
		45C8A9C42B567BF300BB3C62 /* Entity */ = {
			isa = PBXGroup;
			children = (
				451611E72B550C1D006E6EA0 /* Diary.swift */,
			);
			path = Entity;
			sourceTree = "<group>";
		};
		45C8A9CD2B5917AC00BB3C62 /* DTO */ = {
			isa = PBXGroup;
			children = (
				45C8A9C82B59092F00BB3C62 /* DiaryDTO.swift */,
				45400B372B639CBC00F5B6FC /* WeatherResponse.swift */,
			);
			path = DTO;
			sourceTree = "<group>";
		};
		45C8A9CE2B5917CC00BB3C62 /* Repository */ = {
			isa = PBXGroup;
			children = (
				45C8A9D12B59188900BB3C62 /* DiaryCoreDataRepository.swift */,
				45400B4C2B63AAA800F5B6FC /* WeatherNetworkService.swift */,
				45400B4E2B63AB0900F5B6FC /* LocationManagerService.swift */,
			);
			path = Repository;
			sourceTree = "<group>";
		};
		45C8A9F42B5937F300BB3C62 /* Resource */ = {
			isa = PBXGroup;
			children = (
				45400B3E2B639D9000F5B6FC /* API_KEY.xcconfig */,
				451611D32B54FF42006E6EA0 /* Assets.xcassets */,
			);
			path = Resource;
			sourceTree = "<group>";
		};
		45C8A9F52B593C2B00BB3C62 /* Error */ = {
			isa = PBXGroup;
			children = (
				45C8A9F62B593C5200BB3C62 /* DiaryRepositoryError.swift */,
				45400B4A2B63AA3900F5B6FC /* LocationServiceError.swift */,
			);
			path = Error;
			sourceTree = "<group>";
		};
/* End PBXGroup section */

/* Begin PBXNativeTarget section */
		451611CB2B54FF41006E6EA0 /* Diary */ = {
			isa = PBXNativeTarget;
			buildConfigurationList = 451611DA2B54FF42006E6EA0 /* Build configuration list for PBXNativeTarget "Diary" */;
			buildPhases = (
				451611C82B54FF41006E6EA0 /* Sources */,
				451611C92B54FF41006E6EA0 /* Frameworks */,
				451611CA2B54FF41006E6EA0 /* Resources */,
			);
			buildRules = (
			);
			dependencies = (
			);
			name = Diary;
			packageProductDependencies = (
				456D7B5A2B624F26000C3775 /* SwiftErickNetwork */,
			);
			productName = Diary;
			productReference = 451611CC2B54FF41006E6EA0 /* Diary.app */;
			productType = "com.apple.product-type.application";
		};
/* End PBXNativeTarget section */

/* Begin PBXProject section */
		451611C42B54FF41006E6EA0 /* Project object */ = {
			isa = PBXProject;
			attributes = {
				BuildIndependentTargetsInParallel = 1;
				LastSwiftUpdateCheck = 1430;
				LastUpgradeCheck = 1430;
				TargetAttributes = {
					451611CB2B54FF41006E6EA0 = {
						CreatedOnToolsVersion = 14.3.1;
					};
				};
			};
			buildConfigurationList = 451611C72B54FF41006E6EA0 /* Build configuration list for PBXProject "Diary" */;
			compatibilityVersion = "Xcode 14.0";
			developmentRegion = en;
			hasScannedForEncodings = 0;
			knownRegions = (
				en,
				Base,
			);
			mainGroup = 451611C32B54FF41006E6EA0;
			packageReferences = (
				456D7B592B624F26000C3775 /* XCRemoteSwiftPackageReference "SwiftErickNetwork" */,
			);
			productRefGroup = 451611CD2B54FF41006E6EA0 /* Products */;
			projectDirPath = "";
			projectRoot = "";
			targets = (
				451611CB2B54FF41006E6EA0 /* Diary */,
			);
		};
/* End PBXProject section */

/* Begin PBXResourcesBuildPhase section */
		451611CA2B54FF41006E6EA0 /* Resources */ = {
			isa = PBXResourcesBuildPhase;
			buildActionMask = 2147483647;
			files = (
				451611D72B54FF42006E6EA0 /* Preview Assets.xcassets in Resources */,
				451611D42B54FF42006E6EA0 /* Assets.xcassets in Resources */,
				45400B3F2B639D9000F5B6FC /* API_KEY.xcconfig in Resources */,
			);
			runOnlyForDeploymentPostprocessing = 0;
		};
/* End PBXResourcesBuildPhase section */

/* Begin PBXSourcesBuildPhase section */
		451611C82B54FF41006E6EA0 /* Sources */ = {
			isa = PBXSourcesBuildPhase;
			buildActionMask = 2147483647;
			files = (
				45C8A9C72B59088C00BB3C62 /* Diary.xcdatamodeld in Sources */,
				451611E42B5504F9006E6EA0 /* DiaryRowView.swift in Sources */,
				45400B492B63AA2000F5B6FC /* LocationService.swift in Sources */,
				451611E62B550545006E6EA0 /* DiaryListView.swift in Sources */,
				451611F02B551C0F006E6EA0 /* DiaryDetailView.swift in Sources */,
				45C8A9D22B59188900BB3C62 /* DiaryCoreDataRepository.swift in Sources */,
				45837DFA2B64EF100032CCD0 /* WeatherIconEndPoint.swift in Sources */,
				45C8A9F72B593C5200BB3C62 /* DiaryRepositoryError.swift in Sources */,
				45400B3D2B639D6D00F5B6FC /* CurrentWeatherEndPoint.swift in Sources */,
				451611D02B54FF41006E6EA0 /* DiaryApp.swift in Sources */,
				451611E82B550C1D006E6EA0 /* Diary.swift in Sources */,
				45400B382B639CBC00F5B6FC /* WeatherResponse.swift in Sources */,
				45400B4D2B63AAA800F5B6FC /* WeatherNetworkService.swift in Sources */,
				45400B3A2B639D1000F5B6FC /* WeatherService.swift in Sources */,
				458504882B5A8D560071F36A /* DiaryListViewModel.swift in Sources */,
				451611EE2B551824006E6EA0 /* DateFormatter+.swift in Sources */,
				45400B4B2B63AA3900F5B6FC /* LocationServiceError.swift in Sources */,
				45C8A9C12B56668900BB3C62 /* DiaryRepository.swift in Sources */,
				45C1C3B12B5E7D4600F50E50 /* DIContainer.swift in Sources */,
				45C8A9CA2B59092F00BB3C62 /* DiaryDTO.swift in Sources */,
				45C1C3B42B5E8DD500F50E50 /* DiaryDetailViewModel.swift in Sources */,
				45400B4F2B63AB0900F5B6FC /* LocationManagerService.swift in Sources */,
				45C8A9F32B592CEA00BB3C62 /* PersistenceController.swift in Sources */,
				45C8A9C32B5666E000BB3C62 /* DiaryUseCase.swift in Sources */,
			);
			runOnlyForDeploymentPostprocessing = 0;
		};
/* End PBXSourcesBuildPhase section */

/* Begin XCBuildConfiguration section */
		451611D82B54FF42006E6EA0 /* Debug */ = {
			isa = XCBuildConfiguration;
			buildSettings = {
				ALWAYS_SEARCH_USER_PATHS = NO;
				CLANG_ANALYZER_NONNULL = YES;
				CLANG_ANALYZER_NUMBER_OBJECT_CONVERSION = YES_AGGRESSIVE;
				CLANG_CXX_LANGUAGE_STANDARD = "gnu++20";
				CLANG_ENABLE_MODULES = YES;
				CLANG_ENABLE_OBJC_ARC = YES;
				CLANG_ENABLE_OBJC_WEAK = YES;
				CLANG_WARN_BLOCK_CAPTURE_AUTORELEASING = YES;
				CLANG_WARN_BOOL_CONVERSION = YES;
				CLANG_WARN_COMMA = YES;
				CLANG_WARN_CONSTANT_CONVERSION = YES;
				CLANG_WARN_DEPRECATED_OBJC_IMPLEMENTATIONS = YES;
				CLANG_WARN_DIRECT_OBJC_ISA_USAGE = YES_ERROR;
				CLANG_WARN_DOCUMENTATION_COMMENTS = YES;
				CLANG_WARN_EMPTY_BODY = YES;
				CLANG_WARN_ENUM_CONVERSION = YES;
				CLANG_WARN_INFINITE_RECURSION = YES;
				CLANG_WARN_INT_CONVERSION = YES;
				CLANG_WARN_NON_LITERAL_NULL_CONVERSION = YES;
				CLANG_WARN_OBJC_IMPLICIT_RETAIN_SELF = YES;
				CLANG_WARN_OBJC_LITERAL_CONVERSION = YES;
				CLANG_WARN_OBJC_ROOT_CLASS = YES_ERROR;
				CLANG_WARN_QUOTED_INCLUDE_IN_FRAMEWORK_HEADER = YES;
				CLANG_WARN_RANGE_LOOP_ANALYSIS = YES;
				CLANG_WARN_STRICT_PROTOTYPES = YES;
				CLANG_WARN_SUSPICIOUS_MOVE = YES;
				CLANG_WARN_UNGUARDED_AVAILABILITY = YES_AGGRESSIVE;
				CLANG_WARN_UNREACHABLE_CODE = YES;
				CLANG_WARN__DUPLICATE_METHOD_MATCH = YES;
				COPY_PHASE_STRIP = NO;
				DEBUG_INFORMATION_FORMAT = dwarf;
				ENABLE_STRICT_OBJC_MSGSEND = YES;
				ENABLE_TESTABILITY = YES;
				GCC_C_LANGUAGE_STANDARD = gnu11;
				GCC_DYNAMIC_NO_PIC = NO;
				GCC_NO_COMMON_BLOCKS = YES;
				GCC_OPTIMIZATION_LEVEL = 0;
				GCC_PREPROCESSOR_DEFINITIONS = (
					"DEBUG=1",
					"$(inherited)",
				);
				GCC_WARN_64_TO_32_BIT_CONVERSION = YES;
				GCC_WARN_ABOUT_RETURN_TYPE = YES_ERROR;
				GCC_WARN_UNDECLARED_SELECTOR = YES;
				GCC_WARN_UNINITIALIZED_AUTOS = YES_AGGRESSIVE;
				GCC_WARN_UNUSED_FUNCTION = YES;
				GCC_WARN_UNUSED_VARIABLE = YES;
				IPHONEOS_DEPLOYMENT_TARGET = 16.4;
				MTL_ENABLE_DEBUG_INFO = INCLUDE_SOURCE;
				MTL_FAST_MATH = YES;
				ONLY_ACTIVE_ARCH = YES;
				SDKROOT = iphoneos;
				SWIFT_ACTIVE_COMPILATION_CONDITIONS = DEBUG;
				SWIFT_OPTIMIZATION_LEVEL = "-Onone";
			};
			name = Debug;
		};
		451611D92B54FF42006E6EA0 /* Release */ = {
			isa = XCBuildConfiguration;
			buildSettings = {
				ALWAYS_SEARCH_USER_PATHS = NO;
				CLANG_ANALYZER_NONNULL = YES;
				CLANG_ANALYZER_NUMBER_OBJECT_CONVERSION = YES_AGGRESSIVE;
				CLANG_CXX_LANGUAGE_STANDARD = "gnu++20";
				CLANG_ENABLE_MODULES = YES;
				CLANG_ENABLE_OBJC_ARC = YES;
				CLANG_ENABLE_OBJC_WEAK = YES;
				CLANG_WARN_BLOCK_CAPTURE_AUTORELEASING = YES;
				CLANG_WARN_BOOL_CONVERSION = YES;
				CLANG_WARN_COMMA = YES;
				CLANG_WARN_CONSTANT_CONVERSION = YES;
				CLANG_WARN_DEPRECATED_OBJC_IMPLEMENTATIONS = YES;
				CLANG_WARN_DIRECT_OBJC_ISA_USAGE = YES_ERROR;
				CLANG_WARN_DOCUMENTATION_COMMENTS = YES;
				CLANG_WARN_EMPTY_BODY = YES;
				CLANG_WARN_ENUM_CONVERSION = YES;
				CLANG_WARN_INFINITE_RECURSION = YES;
				CLANG_WARN_INT_CONVERSION = YES;
				CLANG_WARN_NON_LITERAL_NULL_CONVERSION = YES;
				CLANG_WARN_OBJC_IMPLICIT_RETAIN_SELF = YES;
				CLANG_WARN_OBJC_LITERAL_CONVERSION = YES;
				CLANG_WARN_OBJC_ROOT_CLASS = YES_ERROR;
				CLANG_WARN_QUOTED_INCLUDE_IN_FRAMEWORK_HEADER = YES;
				CLANG_WARN_RANGE_LOOP_ANALYSIS = YES;
				CLANG_WARN_STRICT_PROTOTYPES = YES;
				CLANG_WARN_SUSPICIOUS_MOVE = YES;
				CLANG_WARN_UNGUARDED_AVAILABILITY = YES_AGGRESSIVE;
				CLANG_WARN_UNREACHABLE_CODE = YES;
				CLANG_WARN__DUPLICATE_METHOD_MATCH = YES;
				COPY_PHASE_STRIP = NO;
				DEBUG_INFORMATION_FORMAT = "dwarf-with-dsym";
				ENABLE_NS_ASSERTIONS = NO;
				ENABLE_STRICT_OBJC_MSGSEND = YES;
				GCC_C_LANGUAGE_STANDARD = gnu11;
				GCC_NO_COMMON_BLOCKS = YES;
				GCC_WARN_64_TO_32_BIT_CONVERSION = YES;
				GCC_WARN_ABOUT_RETURN_TYPE = YES_ERROR;
				GCC_WARN_UNDECLARED_SELECTOR = YES;
				GCC_WARN_UNINITIALIZED_AUTOS = YES_AGGRESSIVE;
				GCC_WARN_UNUSED_FUNCTION = YES;
				GCC_WARN_UNUSED_VARIABLE = YES;
				IPHONEOS_DEPLOYMENT_TARGET = 16.4;
				MTL_ENABLE_DEBUG_INFO = NO;
				MTL_FAST_MATH = YES;
				SDKROOT = iphoneos;
				SWIFT_COMPILATION_MODE = wholemodule;
				SWIFT_OPTIMIZATION_LEVEL = "-O";
				VALIDATE_PRODUCT = YES;
			};
			name = Release;
		};
		451611DB2B54FF42006E6EA0 /* Debug */ = {
			isa = XCBuildConfiguration;
			baseConfigurationReference = 45400B3E2B639D9000F5B6FC /* API_KEY.xcconfig */;
			buildSettings = {
				ASSETCATALOG_COMPILER_APPICON_NAME = AppIcon;
				ASSETCATALOG_COMPILER_GLOBAL_ACCENT_COLOR_NAME = AccentColor;
				CODE_SIGN_STYLE = Automatic;
				CURRENT_PROJECT_VERSION = 1;
				DEVELOPMENT_ASSET_PATHS = "\"Diary/Preview Content\"";
				ENABLE_PREVIEWS = YES;
				GENERATE_INFOPLIST_FILE = YES;
				INFOPLIST_FILE = Diary/Info.plist;
				INFOPLIST_KEY_NSLocationWhenInUseUsageDescription = "\"Do you want to use your current location?\"";
				INFOPLIST_KEY_UIApplicationSceneManifest_Generation = YES;
				INFOPLIST_KEY_UIApplicationSupportsIndirectInputEvents = YES;
				INFOPLIST_KEY_UILaunchScreen_Generation = YES;
				INFOPLIST_KEY_UISupportedInterfaceOrientations_iPad = "UIInterfaceOrientationPortrait UIInterfaceOrientationPortraitUpsideDown UIInterfaceOrientationLandscapeLeft UIInterfaceOrientationLandscapeRight";
				INFOPLIST_KEY_UISupportedInterfaceOrientations_iPhone = "UIInterfaceOrientationPortrait UIInterfaceOrientationLandscapeLeft UIInterfaceOrientationLandscapeRight";
				LD_RUNPATH_SEARCH_PATHS = (
					"$(inherited)",
					"@executable_path/Frameworks",
				);
				MARKETING_VERSION = 1.0;
				PRODUCT_BUNDLE_IDENTIFIER = com.hyeonsu.Diary;
				PRODUCT_NAME = "$(TARGET_NAME)";
				SWIFT_EMIT_LOC_STRINGS = YES;
				SWIFT_VERSION = 5.0;
				TARGETED_DEVICE_FAMILY = "1,2";
			};
			name = Debug;
		};
		451611DC2B54FF42006E6EA0 /* Release */ = {
			isa = XCBuildConfiguration;
			buildSettings = {
				ASSETCATALOG_COMPILER_APPICON_NAME = AppIcon;
				ASSETCATALOG_COMPILER_GLOBAL_ACCENT_COLOR_NAME = AccentColor;
				CODE_SIGN_STYLE = Automatic;
				CURRENT_PROJECT_VERSION = 1;
				DEVELOPMENT_ASSET_PATHS = "\"Diary/Preview Content\"";
				ENABLE_PREVIEWS = YES;
				GENERATE_INFOPLIST_FILE = YES;
				INFOPLIST_FILE = Diary/Info.plist;
				INFOPLIST_KEY_NSLocationWhenInUseUsageDescription = "\"Do you want to use your current location?\"";
				INFOPLIST_KEY_UIApplicationSceneManifest_Generation = YES;
				INFOPLIST_KEY_UIApplicationSupportsIndirectInputEvents = YES;
				INFOPLIST_KEY_UILaunchScreen_Generation = YES;
				INFOPLIST_KEY_UISupportedInterfaceOrientations_iPad = "UIInterfaceOrientationPortrait UIInterfaceOrientationPortraitUpsideDown UIInterfaceOrientationLandscapeLeft UIInterfaceOrientationLandscapeRight";
				INFOPLIST_KEY_UISupportedInterfaceOrientations_iPhone = "UIInterfaceOrientationPortrait UIInterfaceOrientationLandscapeLeft UIInterfaceOrientationLandscapeRight";
				LD_RUNPATH_SEARCH_PATHS = (
					"$(inherited)",
					"@executable_path/Frameworks",
				);
				MARKETING_VERSION = 1.0;
				PRODUCT_BUNDLE_IDENTIFIER = com.hyeonsu.Diary;
				PRODUCT_NAME = "$(TARGET_NAME)";
				SWIFT_EMIT_LOC_STRINGS = YES;
				SWIFT_VERSION = 5.0;
				TARGETED_DEVICE_FAMILY = "1,2";
			};
			name = Release;
		};
/* End XCBuildConfiguration section */

/* Begin XCConfigurationList section */
		451611C72B54FF41006E6EA0 /* Build configuration list for PBXProject "Diary" */ = {
			isa = XCConfigurationList;
			buildConfigurations = (
				451611D82B54FF42006E6EA0 /* Debug */,
				451611D92B54FF42006E6EA0 /* Release */,
			);
			defaultConfigurationIsVisible = 0;
			defaultConfigurationName = Release;
		};
		451611DA2B54FF42006E6EA0 /* Build configuration list for PBXNativeTarget "Diary" */ = {
			isa = XCConfigurationList;
			buildConfigurations = (
				451611DB2B54FF42006E6EA0 /* Debug */,
				451611DC2B54FF42006E6EA0 /* Release */,
			);
			defaultConfigurationIsVisible = 0;
			defaultConfigurationName = Release;
		};
/* End XCConfigurationList section */

/* Begin XCRemoteSwiftPackageReference section */
		456D7B592B624F26000C3775 /* XCRemoteSwiftPackageReference "SwiftErickNetwork" */ = {
			isa = XCRemoteSwiftPackageReference;
			repositoryURL = "https://github.com/h-suo/SwiftErickNetwork";
			requirement = {
				kind = upToNextMajorVersion;
				minimumVersion = 1.0.0;
			};
		};
/* End XCRemoteSwiftPackageReference section */

/* Begin XCSwiftPackageProductDependency section */
		456D7B5A2B624F26000C3775 /* SwiftErickNetwork */ = {
			isa = XCSwiftPackageProductDependency;
			package = 456D7B592B624F26000C3775 /* XCRemoteSwiftPackageReference "SwiftErickNetwork" */;
			productName = SwiftErickNetwork;
		};
/* End XCSwiftPackageProductDependency section */

/* Begin XCVersionGroup section */
		45C8A9C52B59088C00BB3C62 /* Diary.xcdatamodeld */ = {
			isa = XCVersionGroup;
			children = (
				45C8A9C62B59088C00BB3C62 /* Diary.xcdatamodel */,
			);
			currentVersion = 45C8A9C62B59088C00BB3C62 /* Diary.xcdatamodel */;
			path = Diary.xcdatamodeld;
			sourceTree = "<group>";
			versionGroupType = wrapper.xcdatamodel;
		};
/* End XCVersionGroup section */
	};
	rootObject = 451611C42B54FF41006E6EA0 /* Project object */;
}
