{
  "pins" : [
    {
      "identity" : "swiftericknetwork",
      "kind" : "remoteSourceControl",
      "location" : "https://github.com/h-suo/SwiftErickNetwork",
      "state" : {
        "revision" : "19291966579e041200bf3d1e3d5e1f17532f1e04",
        "version" : "1.0.3"
      }
    }
  ],
  "version" : 2
}
